PODS:
  - ObjectMapper (4.2.0)
  - Realm (5.3.2):
    - Realm/Headers (= 5.3.2)
  - Realm/Headers (5.3.2)
  - RealmSwift (5.3.2):
    - Realm (= 5.3.2)
  - SwiftyJSON (5.0.0)

DEPENDENCIES:
  - ObjectMapper
  - RealmSwift
  - SwiftyJSON

SPEC REPOS:
  trunk:
    - ObjectMapper
    - Realm
    - RealmSwift
    - SwiftyJSON

SPEC CHECKSUMS:
  ObjectMapper: 1eb41f610210777375fa806bf161dc39fb832b81
  Realm: c6794276ca8884808ba168a22f9d71362b170b85
  RealmSwift: 42ec6cec3170aeeda407f797f07268a7d055ebc7
  SwiftyJSON: 36413e04c44ee145039d332b4f4e2d3e8d6c4db7

PODFILE CHECKSUM: a6eb0a4ae2dc07229971d90d152431527e753e1b

COCOAPODS: 1.8.4
